// !$*UTF8*$!
{
	archiveVersion = 1;
	classes = {
	};
	objectVersion = 56;
	objects = {

/* Begin PBXBuildFile section */
		1117BE43299B7B5B0030BB88 /* AssignmentofSurveyHeartApp.swift in Sources */ = {isa = PBXBuildFile; fileRef = 1117BE42299B7B5B0030BB88 /* AssignmentofSurveyHeartApp.swift */; };
		1117BE45299B7B5B0030BB88 /* ContentView.swift in Sources */ = {isa = PBXBuildFile; fileRef = 1117BE44299B7B5B0030BB88 /* ContentView.swift */; };
		1117BE47299B7B5C0030BB88 /* Assets.xcassets in Resources */ = {isa = PBXBuildFile; fileRef = 1117BE46299B7B5C0030BB88 /* Assets.xcassets */; };
		1117BE4A299B7B5C0030BB88 /* Preview Assets.xcassets in Resources */ = {isa = PBXBuildFile; fileRef = 1117BE49299B7B5C0030BB88 /* Preview Assets.xcassets */; };
		119A254F299BEC3C00931CF7 /* UserModal.swift in Sources */ = {isa = PBXBuildFile; fileRef = 119A254E299BEC3C00931CF7 /* UserModal.swift */; };
		119A2552299BF0A800931CF7 /* WebService.swift in Sources */ = {isa = PBXBuildFile; fileRef = 119A2551299BF0A800931CF7 /* WebService.swift */; };
		119A2554299BF42800931CF7 /* UserListViewModal.swift in Sources */ = {isa = PBXBuildFile; fileRef = 119A2553299BF42800931CF7 /* UserListViewModal.swift */; };
		11C914E1299E66AC0005E2C8 /* UserDetailView.swift in Sources */ = {isa = PBXBuildFile; fileRef = 11C914E0299E66AC0005E2C8 /* UserDetailView.swift */; };
		11C914E3299EBCBF0005E2C8 /* AppConstants.swift in Sources */ = {isa = PBXBuildFile; fileRef = 11C914E2299EBCBF0005E2C8 /* AppConstants.swift */; };
/* End PBXBuildFile section */

/* Begin PBXFileReference section */
		1117BE3F299B7B5B0030BB88 /* AssignmentofSurveyHeart.app */ = {isa = PBXFileReference; explicitFileType = wrapper.application; includeInIndex = 0; path = AssignmentofSurveyHeart.app; sourceTree = BUILT_PRODUCTS_DIR; };
		1117BE42299B7B5B0030BB88 /* AssignmentofSurveyHeartApp.swift */ = {isa = PBXFileReference; lastKnownFileType = sourcecode.swift; path = AssignmentofSurveyHeartApp.swift; sourceTree = "<group>"; };
		1117BE44299B7B5B0030BB88 /* ContentView.swift */ = {isa = PBXFileReference; lastKnownFileType = sourcecode.swift; path = ContentView.swift; sourceTree = "<group>"; };
		1117BE46299B7B5C0030BB88 /* Assets.xcassets */ = {isa = PBXFileReference; lastKnownFileType = folder.assetcatalog; path = Assets.xcassets; sourceTree = "<group>"; };
		1117BE49299B7B5C0030BB88 /* Preview Assets.xcassets */ = {isa = PBXFileReference; lastKnownFileType = folder.assetcatalog; path = "Preview Assets.xcassets"; sourceTree = "<group>"; };
		119A254E299BEC3C00931CF7 /* UserModal.swift */ = {isa = PBXFileReference; lastKnownFileType = sourcecode.swift; path = UserModal.swift; sourceTree = "<group>"; };
		119A2551299BF0A800931CF7 /* WebService.swift */ = {isa = PBXFileReference; lastKnownFileType = sourcecode.swift; path = WebService.swift; sourceTree = "<group>"; };
		119A2553299BF42800931CF7 /* UserListViewModal.swift */ = {isa = PBXFileReference; lastKnownFileType = sourcecode.swift; path = UserListViewModal.swift; sourceTree = "<group>"; };
		119A2555299BF67000931CF7 /* Info.plist */ = {isa = PBXFileReference; lastKnownFileType = text.plist; path = Info.plist; sourceTree = "<group>"; };
		11C914E0299E66AC0005E2C8 /* UserDetailView.swift */ = {isa = PBXFileReference; lastKnownFileType = sourcecode.swift; path = UserDetailView.swift; sourceTree = "<group>"; };
		11C914E2299EBCBF0005E2C8 /* AppConstants.swift */ = {isa = PBXFileReference; lastKnownFileType = sourcecode.swift; path = AppConstants.swift; sourceTree = "<group>"; };
/* End PBXFileReference section */

/* Begin PBXFrameworksBuildPhase section */
		1117BE3C299B7B5B0030BB88 /* Frameworks */ = {
			isa = PBXFrameworksBuildPhase;
			buildActionMask = 2147483647;
			files = (
			);
			runOnlyForDeploymentPostprocessing = 0;
		};
/* End PBXFrameworksBuildPhase section */

/* Begin PBXGroup section */
		1117BE36299B7B5B0030BB88 = {
			isa = PBXGroup;
			children = (
				1117BE41299B7B5B0030BB88 /* AssignmentofSurveyHeart */,
				1117BE40299B7B5B0030BB88 /* Products */,
			);
			sourceTree = "<group>";
		};
		1117BE40299B7B5B0030BB88 /* Products */ = {
			isa = PBXGroup;
			children = (
				1117BE3F299B7B5B0030BB88 /* AssignmentofSurveyHeart.app */,
			);
			name = Products;
			sourceTree = "<group>";
		};
		1117BE41299B7B5B0030BB88 /* AssignmentofSurveyHeart */ = {
			isa = PBXGroup;
			children = (
				119A2555299BF67000931CF7 /* Info.plist */,
				1117BE42299B7B5B0030BB88 /* AssignmentofSurveyHeartApp.swift */,
				11C914E4299EBE500005E2C8 /* Views */,
				119A2550299BEC6A00931CF7 /* Modal */,
				1117BE50299B7C120030BB88 /* WebServices */,
				1117BE46299B7B5C0030BB88 /* Assets.xcassets */,
				1117BE48299B7B5C0030BB88 /* Preview Content */,
			);
			path = AssignmentofSurveyHeart;
			sourceTree = "<group>";
		};
		1117BE48299B7B5C0030BB88 /* Preview Content */ = {
			isa = PBXGroup;
			children = (
				1117BE49299B7B5C0030BB88 /* Preview Assets.xcassets */,
			);
			path = "Preview Content";
			sourceTree = "<group>";
		};
		1117BE50299B7C120030BB88 /* WebServices */ = {
			isa = PBXGroup;
			children = (
				119A2551299BF0A800931CF7 /* WebService.swift */,
				11C914E2299EBCBF0005E2C8 /* AppConstants.swift */,
			);
			path = WebServices;
			sourceTree = "<group>";
		};
		119A2550299BEC6A00931CF7 /* Modal */ = {
			isa = PBXGroup;
			children = (
				119A254E299BEC3C00931CF7 /* UserModal.swift */,
				119A2553299BF42800931CF7 /* UserListViewModal.swift */,
			);
			path = Modal;
			sourceTree = "<group>";
		};
		11C914E4299EBE500005E2C8 /* Views */ = {
			isa = PBXGroup;
			children = (
				11C914E0299E66AC0005E2C8 /* UserDetailView.swift */,
				1117BE44299B7B5B0030BB88 /* ContentView.swift */,
			);
			path = Views;
			sourceTree = "<group>";
		};
/* End PBXGroup section */

/* Begin PBXNativeTarget section */
		1117BE3E299B7B5B0030BB88 /* AssignmentofSurveyHeart */ = {
			isa = PBXNativeTarget;
			buildConfigurationList = 1117BE4D299B7B5C0030BB88 /* Build configuration list for PBXNativeTarget "AssignmentofSurveyHeart" */;
			buildPhases = (
				1117BE3B299B7B5B0030BB88 /* Sources */,
				1117BE3C299B7B5B0030BB88 /* Frameworks */,
				1117BE3D299B7B5B0030BB88 /* Resources */,
			);
			buildRules = (
			);
			dependencies = (
			);
			name = AssignmentofSurveyHeart;
			productName = AssignmentofSurveyHeart;
			productReference = 1117BE3F299B7B5B0030BB88 /* AssignmentofSurveyHeart.app */;
			productType = "com.apple.product-type.application";
		};
/* End PBXNativeTarget section */

/* Begin PBXProject section */
		1117BE37299B7B5B0030BB88 /* Project object */ = {
			isa = PBXProject;
			attributes = {
				BuildIndependentTargetsInParallel = 1;
				LastSwiftUpdateCheck = 1420;
				LastUpgradeCheck = 1420;
				TargetAttributes = {
					1117BE3E299B7B5B0030BB88 = {
						CreatedOnToolsVersion = 14.2;
					};
				};
			};
			buildConfigurationList = 1117BE3A299B7B5B0030BB88 /* Build configuration list for PBXProject "AssignmentofSurveyHeart" */;
			compatibilityVersion = "Xcode 14.0";
			developmentRegion = en;
			hasScannedForEncodings = 0;
			knownRegions = (
				en,
				Base,
			);
			mainGroup = 1117BE36299B7B5B0030BB88;
			productRefGroup = 1117BE40299B7B5B0030BB88 /* Products */;
			projectDirPath = "";
			projectRoot = "";
			targets = (
				1117BE3E299B7B5B0030BB88 /* AssignmentofSurveyHeart */,
			);
		};
/* End PBXProject section */

/* Begin PBXResourcesBuildPhase section */
		1117BE3D299B7B5B0030BB88 /* Resources */ = {
			isa = PBXResourcesBuildPhase;
			buildActionMask = 2147483647;
			files = (
				1117BE4A299B7B5C0030BB88 /* Preview Assets.xcassets in Resources */,
				1117BE47299B7B5C0030BB88 /* Assets.xcassets in Resources */,
			);
			runOnlyForDeploymentPostprocessing = 0;
		};
/* End PBXResourcesBuildPhase section */

/* Begin PBXSourcesBuildPhase section */
		1117BE3B299B7B5B0030BB88 /* Sources */ = {
			isa = PBXSourcesBuildPhase;
			buildActionMask = 2147483647;
			files = (
				119A2554299BF42800931CF7 /* UserListViewModal.swift in Sources */,
				119A2552299BF0A800931CF7 /* WebService.swift in Sources */,
				119A254F299BEC3C00931CF7 /* UserModal.swift in Sources */,
				11C914E1299E66AC0005E2C8 /* UserDetailView.swift in Sources */,
				11C914E3299EBCBF0005E2C8 /* AppConstants.swift in Sources */,
				1117BE45299B7B5B0030BB88 /* ContentView.swift in Sources */,
				1117BE43299B7B5B0030BB88 /* AssignmentofSurveyHeartApp.swift in Sources */,
			);
			runOnlyForDeploymentPostprocessing = 0;
		};
/* End PBXSourcesBuildPhase section */

/* Begin XCBuildConfiguration section */
		1117BE4B299B7B5C0030BB88 /* Debug */ = {
			isa = XCBuildConfiguration;
			buildSettings = {
				ALWAYS_SEARCH_USER_PATHS = NO;
				CLANG_ANALYZER_NONNULL = YES;
				CLANG_ANALYZER_NUMBER_OBJECT_CONVERSION = YES_AGGRESSIVE;
				CLANG_CXX_LANGUAGE_STANDARD = "gnu++20";
				CLANG_ENABLE_MODULES = YES;
				CLANG_ENABLE_OBJC_ARC = YES;
				CLANG_ENABLE_OBJC_WEAK = YES;
				CLANG_WARN_BLOCK_CAPTURE_AUTORELEASING = YES;
				CLANG_WARN_BOOL_CONVERSION = YES;
				CLANG_WARN_COMMA = YES;
				CLANG_WARN_CONSTANT_CONVERSION = YES;
				CLANG_WARN_DEPRECATED_OBJC_IMPLEMENTATIONS = YES;
				CLANG_WARN_DIRECT_OBJC_ISA_USAGE = YES_ERROR;
				CLANG_WARN_DOCUMENTATION_COMMENTS = YES;
				CLANG_WARN_EMPTY_BODY = YES;
				CLANG_WARN_ENUM_CONVERSION = YES;
				CLANG_WARN_INFINITE_RECURSION = YES;
				CLANG_WARN_INT_CONVERSION = YES;
				CLANG_WARN_NON_LITERAL_NULL_CONVERSION = YES;
				CLANG_WARN_OBJC_IMPLICIT_RETAIN_SELF = YES;
				CLANG_WARN_OBJC_LITERAL_CONVERSION = YES;
				CLANG_WARN_OBJC_ROOT_CLASS = YES_ERROR;
				CLANG_WARN_QUOTED_INCLUDE_IN_FRAMEWORK_HEADER = YES;
				CLANG_WARN_RANGE_LOOP_ANALYSIS = YES;
				CLANG_WARN_STRICT_PROTOTYPES = YES;
				CLANG_WARN_SUSPICIOUS_MOVE = YES;
				CLANG_WARN_UNGUARDED_AVAILABILITY = YES_AGGRESSIVE;
				CLANG_WARN_UNREACHABLE_CODE = YES;
				CLANG_WARN__DUPLICATE_METHOD_MATCH = YES;
				COPY_PHASE_STRIP = NO;
				DEBUG_INFORMATION_FORMAT = dwarf;
				ENABLE_STRICT_OBJC_MSGSEND = YES;
				ENABLE_TESTABILITY = YES;
				GCC_C_LANGUAGE_STANDARD = gnu11;
				GCC_DYNAMIC_NO_PIC = NO;
				GCC_NO_COMMON_BLOCKS = YES;
				GCC_OPTIMIZATION_LEVEL = 0;
				GCC_PREPROCESSOR_DEFINITIONS = (
					"DEBUG=1",
					"$(inherited)",
				);
				GCC_WARN_64_TO_32_BIT_CONVERSION = YES;
				GCC_WARN_ABOUT_RETURN_TYPE = YES_ERROR;
				GCC_WARN_UNDECLARED_SELECTOR = YES;
				GCC_WARN_UNINITIALIZED_AUTOS = YES_AGGRESSIVE;
				GCC_WARN_UNUSED_FUNCTION = YES;
				GCC_WARN_UNUSED_VARIABLE = YES;
				IPHONEOS_DEPLOYMENT_TARGET = 16.2;
				MTL_ENABLE_DEBUG_INFO = INCLUDE_SOURCE;
				MTL_FAST_MATH = YES;
				ONLY_ACTIVE_ARCH = YES;
				SDKROOT = iphoneos;
				SWIFT_ACTIVE_COMPILATION_CONDITIONS = DEBUG;
				SWIFT_OPTIMIZATION_LEVEL = "-Onone";
			};
			name = Debug;
		};
		1117BE4C299B7B5C0030BB88 /* Release */ = {
			isa = XCBuildConfiguration;
			buildSettings = {
				ALWAYS_SEARCH_USER_PATHS = NO;
				CLANG_ANALYZER_NONNULL = YES;
				CLANG_ANALYZER_NUMBER_OBJECT_CONVERSION = YES_AGGRESSIVE;
				CLANG_CXX_LANGUAGE_STANDARD = "gnu++20";
				CLANG_ENABLE_MODULES = YES;
				CLANG_ENABLE_OBJC_ARC = YES;
				CLANG_ENABLE_OBJC_WEAK = YES;
				CLANG_WARN_BLOCK_CAPTURE_AUTORELEASING = YES;
				CLANG_WARN_BOOL_CONVERSION = YES;
				CLANG_WARN_COMMA = YES;
				CLANG_WARN_CONSTANT_CONVERSION = YES;
				CLANG_WARN_DEPRECATED_OBJC_IMPLEMENTATIONS = YES;
				CLANG_WARN_DIRECT_OBJC_ISA_USAGE = YES_ERROR;
				CLANG_WARN_DOCUMENTATION_COMMENTS = YES;
				CLANG_WARN_EMPTY_BODY = YES;
				CLANG_WARN_ENUM_CONVERSION = YES;
				CLANG_WARN_INFINITE_RECURSION = YES;
				CLANG_WARN_INT_CONVERSION = YES;
				CLANG_WARN_NON_LITERAL_NULL_CONVERSION = YES;
				CLANG_WARN_OBJC_IMPLICIT_RETAIN_SELF = YES;
				CLANG_WARN_OBJC_LITERAL_CONVERSION = YES;
				CLANG_WARN_OBJC_ROOT_CLASS = YES_ERROR;
				CLANG_WARN_QUOTED_INCLUDE_IN_FRAMEWORK_HEADER = YES;
				CLANG_WARN_RANGE_LOOP_ANALYSIS = YES;
				CLANG_WARN_STRICT_PROTOTYPES = YES;
				CLANG_WARN_SUSPICIOUS_MOVE = YES;
				CLANG_WARN_UNGUARDED_AVAILABILITY = YES_AGGRESSIVE;
				CLANG_WARN_UNREACHABLE_CODE = YES;
				CLANG_WARN__DUPLICATE_METHOD_MATCH = YES;
				COPY_PHASE_STRIP = NO;
				DEBUG_INFORMATION_FORMAT = "dwarf-with-dsym";
				ENABLE_NS_ASSERTIONS = NO;
				ENABLE_STRICT_OBJC_MSGSEND = YES;
				GCC_C_LANGUAGE_STANDARD = gnu11;
				GCC_NO_COMMON_BLOCKS = YES;
				GCC_WARN_64_TO_32_BIT_CONVERSION = YES;
				GCC_WARN_ABOUT_RETURN_TYPE = YES_ERROR;
				GCC_WARN_UNDECLARED_SELECTOR = YES;
				GCC_WARN_UNINITIALIZED_AUTOS = YES_AGGRESSIVE;
				GCC_WARN_UNUSED_FUNCTION = YES;
				GCC_WARN_UNUSED_VARIABLE = YES;
				IPHONEOS_DEPLOYMENT_TARGET = 16.2;
				MTL_ENABLE_DEBUG_INFO = NO;
				MTL_FAST_MATH = YES;
				SDKROOT = iphoneos;
				SWIFT_COMPILATION_MODE = wholemodule;
				SWIFT_OPTIMIZATION_LEVEL = "-O";
				VALIDATE_PRODUCT = YES;
			};
			name = Release;
		};
		1117BE4E299B7B5C0030BB88 /* Debug */ = {
			isa = XCBuildConfiguration;
			buildSettings = {
				ASSETCATALOG_COMPILER_APPICON_NAME = AppIcon;
				ASSETCATALOG_COMPILER_GLOBAL_ACCENT_COLOR_NAME = AccentColor;
				CODE_SIGN_STYLE = Automatic;
				CURRENT_PROJECT_VERSION = 1;
				DEVELOPMENT_ASSET_PATHS = "\"AssignmentofSurveyHeart/Preview Content\"";
				ENABLE_PREVIEWS = YES;
				GENERATE_INFOPLIST_FILE = YES;
				INFOPLIST_FILE = AssignmentofSurveyHeart/Info.plist;
				INFOPLIST_KEY_UIApplicationSceneManifest_Generation = YES;
				INFOPLIST_KEY_UIApplicationSupportsIndirectInputEvents = YES;
				INFOPLIST_KEY_UILaunchScreen_Generation = YES;
				INFOPLIST_KEY_UISupportedInterfaceOrientations_iPad = "UIInterfaceOrientationPortrait UIInterfaceOrientationPortraitUpsideDown UIInterfaceOrientationLandscapeLeft UIInterfaceOrientationLandscapeRight";
				INFOPLIST_KEY_UISupportedInterfaceOrientations_iPhone = "UIInterfaceOrientationPortrait UIInterfaceOrientationLandscapeLeft UIInterfaceOrientationLandscapeRight";
				LD_RUNPATH_SEARCH_PATHS = (
					"$(inherited)",
					"@executable_path/Frameworks",
				);
				MARKETING_VERSION = 1.0;
				PRODUCT_BUNDLE_IDENTIFIER = SurveyHeart.AssignmentofSurveyHeart;
				PRODUCT_NAME = "$(TARGET_NAME)";
				SWIFT_EMIT_LOC_STRINGS = YES;
				SWIFT_VERSION = 5.0;
				TARGETED_DEVICE_FAMILY = "1,2";
			};
			name = Debug;
		};
		1117BE4F299B7B5C0030BB88 /* Release */ = {
			isa = XCBuildConfiguration;
			buildSettings = {
				ASSETCATALOG_COMPILER_APPICON_NAME = AppIcon;
				ASSETCATALOG_COMPILER_GLOBAL_ACCENT_COLOR_NAME = AccentColor;
				CODE_SIGN_STYLE = Automatic;
				CURRENT_PROJECT_VERSION = 1;
				DEVELOPMENT_ASSET_PATHS = "\"AssignmentofSurveyHeart/Preview Content\"";
				ENABLE_PREVIEWS = YES;
				GENERATE_INFOPLIST_FILE = YES;
				INFOPLIST_FILE = AssignmentofSurveyHeart/Info.plist;
				INFOPLIST_KEY_UIApplicationSceneManifest_Generation = YES;
				INFOPLIST_KEY_UIApplicationSupportsIndirectInputEvents = YES;
				INFOPLIST_KEY_UILaunchScreen_Generation = YES;
				INFOPLIST_KEY_UISupportedInterfaceOrientations_iPad = "UIInterfaceOrientationPortrait UIInterfaceOrientationPortraitUpsideDown UIInterfaceOrientationLandscapeLeft UIInterfaceOrientationLandscapeRight";
				INFOPLIST_KEY_UISupportedInterfaceOrientations_iPhone = "UIInterfaceOrientationPortrait UIInterfaceOrientationLandscapeLeft UIInterfaceOrientationLandscapeRight";
				LD_RUNPATH_SEARCH_PATHS = (
					"$(inherited)",
					"@executable_path/Frameworks",
				);
				MARKETING_VERSION = 1.0;
				PRODUCT_BUNDLE_IDENTIFIER = SurveyHeart.AssignmentofSurveyHeart;
				PRODUCT_NAME = "$(TARGET_NAME)";
				SWIFT_EMIT_LOC_STRINGS = YES;
				SWIFT_VERSION = 5.0;
				TARGETED_DEVICE_FAMILY = "1,2";
			};
			name = Release;
		};
/* End XCBuildConfiguration section */

/* Begin XCConfigurationList section */
		1117BE3A299B7B5B0030BB88 /* Build configuration list for PBXProject "AssignmentofSurveyHeart" */ = {
			isa = XCConfigurationList;
			buildConfigurations = (
				1117BE4B299B7B5C0030BB88 /* Debug */,
				1117BE4C299B7B5C0030BB88 /* Release */,
			);
			defaultConfigurationIsVisible = 0;
			defaultConfigurationName = Release;
		};
		1117BE4D299B7B5C0030BB88 /* Build configuration list for PBXNativeTarget "AssignmentofSurveyHeart" */ = {
			isa = XCConfigurationList;
			buildConfigurations = (
				1117BE4E299B7B5C0030BB88 /* Debug */,
				1117BE4F299B7B5C0030BB88 /* Release */,
			);
			defaultConfigurationIsVisible = 0;
			defaultConfigurationName = Release;
		};
/* End XCConfigurationList section */
	};
	rootObject = 1117BE37299B7B5B0030BB88 /* Project object */;
}
